
Microsoft Visual Studio Solution File, Format Version 12.00
# Visual Studio 15
VisualStudioVersion = 15.0.28307.1321
MinimumVisualStudioVersion = 10.0.40219.1
Project("{8BC9CEB8-8B4A-11D0-8D11-00A0C91BC942}") = "client", "client\client.vcxproj", "{6B7114D2-2236-44CB-B178-F1BD4BF8CB38}"
EndProject
Project("{8BC9CEB8-8B4A-11D0-8D11-00A0C91BC942}") = "server", "server\server.vcxproj", "{01B44F89-90E3-4230-A066-3F3D6C0BF897}"
EndProject
Global
	GlobalSection(SolutionConfigurationPlatforms) = preSolution
		Debug|x64 = Debug|x64
		Debug|x86 = Debug|x86
		Release|x64 = Release|x64
		Release|x86 = Release|x86
	EndGlobalSection
	GlobalSection(ProjectConfigurationPlatforms) = postSolution
		{6B7114D2-2236-44CB-B178-F1BD4BF8CB38}.Debug|x64.ActiveCfg = Debug|x64
		{6B7114D2-2236-44CB-B178-F1BD4BF8CB38}.Debug|x64.Build.0 = Debug|x64
		{6B7114D2-2236-44CB-B178-F1BD4BF8CB38}.Debug|x86.ActiveCfg = Debug|Win32
		{6B7114D2-2236-44CB-B178-F1BD4BF8CB38}.Debug|x86.Build.0 = Debug|Win32
		{6B7114D2-2236-44CB-B178-F1BD4BF8CB38}.Release|x64.ActiveCfg = Release|x64
		{6B7114D2-2236-44CB-B178-F1BD4BF8CB38}.Release|x64.Build.0 = Release|x64
		{6B7114D2-2236-44CB-B178-F1BD4BF8CB38}.Release|x86.ActiveCfg = Release|Win32
		{6B7114D2-2236-44CB-B178-F1BD4BF8CB38}.Release|x86.Build.0 = Release|Win32
		{01B44F89-90E3-4230-A066-3F3D6C0BF897}.Debug|x64.ActiveCfg = Debug|x64
		{01B44F89-90E3-4230-A066-3F3D6C0BF897}.Debug|x64.Build.0 = Debug|x64
		{01B44F89-90E3-4230-A066-3F3D6C0BF897}.Debug|x86.ActiveCfg = Debug|Win32
		{01B44F89-90E3-4230-A066-3F3D6C0BF897}.Debug|x86.Build.0 = Debug|Win32
		{01B44F89-90E3-4230-A066-3F3D6C0BF897}.Release|x64.ActiveCfg = Release|x64
		{01B44F89-90E3-4230-A066-3F3D6C0BF897}.Release|x64.Build.0 = Release|x64
		{01B44F89-90E3-4230-A066-3F3D6C0BF897}.Release|x86.ActiveCfg = Release|Win32
		{01B44F89-90E3-4230-A066-3F3D6C0BF897}.Release|x86.Build.0 = Release|Win32
	EndGlobalSection
	GlobalSection(SolutionProperties) = preSolution
		HideSolutionNode = FALSE
	EndGlobalSection
	GlobalSection(ExtensibilityGlobals) = postSolution
		SolutionGuid = {A203B487-B1FE-4840-B710-CC0AE9EDD151}
	EndGlobalSection
EndGlobal
